// !$*UTF8*$!
{
	archiveVersion = 1;
	classes = {
	};
	objectVersion = 46;
	objects = {

/* Begin PBXBuildFile section */
		75020FA31B5C21C100D0A593 /* main.m in Sources */ = {isa = PBXBuildFile; fileRef = 75020FA21B5C21C100D0A593 /* main.m */; };
		75020FA61B5C21C100D0A593 /* AppDelegate.m in Sources */ = {isa = PBXBuildFile; fileRef = 75020FA51B5C21C100D0A593 /* AppDelegate.m */; };
		75020FAE1B5C21C100D0A593 /* Images.xcassets in Resources */ = {isa = PBXBuildFile; fileRef = 75020FAD1B5C21C100D0A593 /* Images.xcassets */; };
		75020FB11B5C21C100D0A593 /* LaunchScreen.xib in Resources */ = {isa = PBXBuildFile; fileRef = 75020FAF1B5C21C100D0A593 /* LaunchScreen.xib */; };
		75020FBD1B5C21C100D0A593 /* TwitterFeedsTests.m in Sources */ = {isa = PBXBuildFile; fileRef = 75020FBC1B5C21C100D0A593 /* TwitterFeedsTests.m */; };
		7548F9DF1B5E9DE90081321A /* AppContext.m in Sources */ = {isa = PBXBuildFile; fileRef = 7548F9DE1B5E9DE90081321A /* AppContext.m */; };
		7548F9E21B5E9E200081321A /* NavigationManager.m in Sources */ = {isa = PBXBuildFile; fileRef = 7548F9E11B5E9E200081321A /* NavigationManager.m */; };
		7548F9E61B5E9E5C0081321A /* TWAuthorization.m in Sources */ = {isa = PBXBuildFile; fileRef = 7548F9E51B5E9E5C0081321A /* TWAuthorization.m */; };
		7548F9E91B5E9E720081321A /* Constants.m in Sources */ = {isa = PBXBuildFile; fileRef = 7548F9E81B5E9E720081321A /* Constants.m */; };
		7548F9F71B5E9F600081321A /* TWLoginViewController.m in Sources */ = {isa = PBXBuildFile; fileRef = 7548F9F51B5E9F600081321A /* TWLoginViewController.m */; };
		7548F9F81B5E9F600081321A /* TWLoginViewController.xib in Resources */ = {isa = PBXBuildFile; fileRef = 7548F9F61B5E9F600081321A /* TWLoginViewController.xib */; };
		7548F9FC1B5EA0430081321A /* TWNavigationController.m in Sources */ = {isa = PBXBuildFile; fileRef = 7548F9FA1B5EA0430081321A /* TWNavigationController.m */; };
		7548FA021B5EA2360081321A /* TWTimelineViewController.m in Sources */ = {isa = PBXBuildFile; fileRef = 7548FA001B5EA2360081321A /* TWTimelineViewController.m */; };
		7548FA071B5EA5B10081321A /* TWTrendsViewController.m in Sources */ = {isa = PBXBuildFile; fileRef = 7548FA051B5EA5B10081321A /* TWTrendsViewController.m */; };
		7548FA081B5EA5B10081321A /* TWTrendsViewController.xib in Resources */ = {isa = PBXBuildFile; fileRef = 7548FA061B5EA5B10081321A /* TWTrendsViewController.xib */; };
		7548FA0C1B5EA5C20081321A /* TWPageViewController.m in Sources */ = {isa = PBXBuildFile; fileRef = 7548FA0A1B5EA5C20081321A /* TWPageViewController.m */; };
		7548FA0D1B5EA5C20081321A /* TWPageViewController.xib in Resources */ = {isa = PBXBuildFile; fileRef = 7548FA0B1B5EA5C20081321A /* TWPageViewController.xib */; };
		7548FA111B5EA5E40081321A /* TWComposeTweetViewController.m in Sources */ = {isa = PBXBuildFile; fileRef = 7548FA0F1B5EA5E40081321A /* TWComposeTweetViewController.m */; };
		7548FA121B5EA5E40081321A /* TWComposeTweetViewController.xib in Resources */ = {isa = PBXBuildFile; fileRef = 7548FA101B5EA5E40081321A /* TWComposeTweetViewController.xib */; };
		7548FA161B5EA6150081321A /* TWProfile.m in Sources */ = {isa = PBXBuildFile; fileRef = 7548FA151B5EA6150081321A /* TWProfile.m */; };
		7548FA191B5EA62A0081321A /* TWTweet.m in Sources */ = {isa = PBXBuildFile; fileRef = 7548FA181B5EA62A0081321A /* TWTweet.m */; };
		7548FA1F1B5EA7EA0081321A /* TWTimelineCell.m in Sources */ = {isa = PBXBuildFile; fileRef = 7548FA1D1B5EA7EA0081321A /* TWTimelineCell.m */; };
		7548FA201B5EA7EA0081321A /* TWTimelineCell.xib in Resources */ = {isa = PBXBuildFile; fileRef = 7548FA1E1B5EA7EA0081321A /* TWTimelineCell.xib */; };
		7548FA241B5EA8130081321A /* TWTrendsCell.m in Sources */ = {isa = PBXBuildFile; fileRef = 7548FA221B5EA8130081321A /* TWTrendsCell.m */; };
		7548FA251B5EA8130081321A /* TWTrendsCell.xib in Resources */ = {isa = PBXBuildFile; fileRef = 7548FA231B5EA8130081321A /* TWTrendsCell.xib */; };
		7548FA291B5EA87B0081321A /* NSDate+TWDateUtil.m in Sources */ = {isa = PBXBuildFile; fileRef = 7548FA281B5EA87B0081321A /* NSDate+TWDateUtil.m */; };
		7548FA2C1B5EA8930081321A /* NSString+TWStringUtil.m in Sources */ = {isa = PBXBuildFile; fileRef = 7548FA2B1B5EA8930081321A /* NSString+TWStringUtil.m */; };
		7548FA2F1B5EA93C0081321A /* TWParseOperation.m in Sources */ = {isa = PBXBuildFile; fileRef = 7548FA2E1B5EA93C0081321A /* TWParseOperation.m */; };
		7548FA321B5EA9520081321A /* TWImageDownloader.m in Sources */ = {isa = PBXBuildFile; fileRef = 7548FA311B5EA9520081321A /* TWImageDownloader.m */; };
		7548FA3C1B5EF9440081321A /* Fabric.framework in Frameworks */ = {isa = PBXBuildFile; fileRef = 7548FA381B5EF9440081321A /* Fabric.framework */; };
		7548FA3D1B5EF9440081321A /* TwitterKit.framework in Frameworks */ = {isa = PBXBuildFile; fileRef = 7548FA391B5EF9440081321A /* TwitterKit.framework */; };
		7548FA3E1B5EF9440081321A /* TwitterKitResources.bundle in Resources */ = {isa = PBXBuildFile; fileRef = 7548FA3A1B5EF9440081321A /* TwitterKitResources.bundle */; };
		7548FA3F1B5EF9440081321A /* TwitterCore.framework in Frameworks */ = {isa = PBXBuildFile; fileRef = 7548FA3B1B5EF9440081321A /* TwitterCore.framework */; };
		75D2B1041B6792D600762E07 /* UIColor+colors.m in Sources */ = {isa = PBXBuildFile; fileRef = 75D2B1031B6792D600762E07 /* UIColor+colors.m */; };
		75D2B1061B67A58800762E07 /* TWTimelineViewController.xib in Resources */ = {isa = PBXBuildFile; fileRef = 75D2B1051B67A58800762E07 /* TWTimelineViewController.xib */; };
		75D2B1101B680EDA00762E07 /* TWTimelineViewController+SearchBar.m in Sources */ = {isa = PBXBuildFile; fileRef = 75D2B10F1B680EDA00762E07 /* TWTimelineViewController+SearchBar.m */; };
		75D2B1131B681A1500762E07 /* TWTimelineViewController+NewTweet.m in Sources */ = {isa = PBXBuildFile; fileRef = 75D2B1121B681A1500762E07 /* TWTimelineViewController+NewTweet.m */; };
/* End PBXBuildFile section */

/* Begin PBXContainerItemProxy section */
		75020FB71B5C21C100D0A593 /* PBXContainerItemProxy */ = {
			isa = PBXContainerItemProxy;
			containerPortal = 75020F951B5C21C100D0A593 /* Project object */;
			proxyType = 1;
			remoteGlobalIDString = 75020F9C1B5C21C100D0A593;
			remoteInfo = TwitterFeeds;
		};
/* End PBXContainerItemProxy section */

/* Begin PBXFileReference section */
		75020F9D1B5C21C100D0A593 /* TwitterFeeds.app */ = {isa = PBXFileReference; explicitFileType = wrapper.application; includeInIndex = 0; path = TwitterFeeds.app; sourceTree = BUILT_PRODUCTS_DIR; };
		75020FA11B5C21C100D0A593 /* Info.plist */ = {isa = PBXFileReference; lastKnownFileType = text.plist.xml; path = Info.plist; sourceTree = "<group>"; };
		75020FA21B5C21C100D0A593 /* main.m */ = {isa = PBXFileReference; lastKnownFileType = sourcecode.c.objc; path = main.m; sourceTree = "<group>"; };
		75020FA41B5C21C100D0A593 /* AppDelegate.h */ = {isa = PBXFileReference; lastKnownFileType = sourcecode.c.h; path = AppDelegate.h; sourceTree = "<group>"; };
		75020FA51B5C21C100D0A593 /* AppDelegate.m */ = {isa = PBXFileReference; lastKnownFileType = sourcecode.c.objc; path = AppDelegate.m; sourceTree = "<group>"; };
		75020FAD1B5C21C100D0A593 /* Images.xcassets */ = {isa = PBXFileReference; lastKnownFileType = folder.assetcatalog; path = Images.xcassets; sourceTree = "<group>"; };
		75020FB01B5C21C100D0A593 /* Base */ = {isa = PBXFileReference; lastKnownFileType = file.xib; name = Base; path = Base.lproj/LaunchScreen.xib; sourceTree = "<group>"; };
		75020FB61B5C21C100D0A593 /* TwitterFeedsTests.xctest */ = {isa = PBXFileReference; explicitFileType = wrapper.cfbundle; includeInIndex = 0; path = TwitterFeedsTests.xctest; sourceTree = BUILT_PRODUCTS_DIR; };
		75020FBB1B5C21C100D0A593 /* Info.plist */ = {isa = PBXFileReference; lastKnownFileType = text.plist.xml; path = Info.plist; sourceTree = "<group>"; };
		75020FBC1B5C21C100D0A593 /* TwitterFeedsTests.m */ = {isa = PBXFileReference; lastKnownFileType = sourcecode.c.objc; path = TwitterFeedsTests.m; sourceTree = "<group>"; };
		7548F9DD1B5E9DE90081321A /* AppContext.h */ = {isa = PBXFileReference; fileEncoding = 4; lastKnownFileType = sourcecode.c.h; path = AppContext.h; sourceTree = "<group>"; };
		7548F9DE1B5E9DE90081321A /* AppContext.m */ = {isa = PBXFileReference; fileEncoding = 4; lastKnownFileType = sourcecode.c.objc; path = AppContext.m; sourceTree = "<group>"; };
		7548F9E01B5E9E200081321A /* NavigationManager.h */ = {isa = PBXFileReference; fileEncoding = 4; lastKnownFileType = sourcecode.c.h; path = NavigationManager.h; sourceTree = "<group>"; };
		7548F9E11B5E9E200081321A /* NavigationManager.m */ = {isa = PBXFileReference; fileEncoding = 4; lastKnownFileType = sourcecode.c.objc; path = NavigationManager.m; sourceTree = "<group>"; };
		7548F9E41B5E9E5C0081321A /* TWAuthorization.h */ = {isa = PBXFileReference; fileEncoding = 4; lastKnownFileType = sourcecode.c.h; path = TWAuthorization.h; sourceTree = "<group>"; };
		7548F9E51B5E9E5C0081321A /* TWAuthorization.m */ = {isa = PBXFileReference; fileEncoding = 4; lastKnownFileType = sourcecode.c.objc; path = TWAuthorization.m; sourceTree = "<group>"; };
		7548F9E71B5E9E720081321A /* Constants.h */ = {isa = PBXFileReference; fileEncoding = 4; lastKnownFileType = sourcecode.c.h; path = Constants.h; sourceTree = "<group>"; };
		7548F9E81B5E9E720081321A /* Constants.m */ = {isa = PBXFileReference; fileEncoding = 4; lastKnownFileType = sourcecode.c.objc; path = Constants.m; sourceTree = "<group>"; };
		7548F9F41B5E9F600081321A /* TWLoginViewController.h */ = {isa = PBXFileReference; fileEncoding = 4; lastKnownFileType = sourcecode.c.h; path = TWLoginViewController.h; sourceTree = "<group>"; };
		7548F9F51B5E9F600081321A /* TWLoginViewController.m */ = {isa = PBXFileReference; fileEncoding = 4; lastKnownFileType = sourcecode.c.objc; path = TWLoginViewController.m; sourceTree = "<group>"; };
		7548F9F61B5E9F600081321A /* TWLoginViewController.xib */ = {isa = PBXFileReference; fileEncoding = 4; lastKnownFileType = file.xib; path = TWLoginViewController.xib; sourceTree = "<group>"; };
		7548F9F91B5EA0430081321A /* TWNavigationController.h */ = {isa = PBXFileReference; fileEncoding = 4; lastKnownFileType = sourcecode.c.h; path = TWNavigationController.h; sourceTree = "<group>"; };
		7548F9FA1B5EA0430081321A /* TWNavigationController.m */ = {isa = PBXFileReference; fileEncoding = 4; lastKnownFileType = sourcecode.c.objc; path = TWNavigationController.m; sourceTree = "<group>"; };
		7548F9FF1B5EA2360081321A /* TWTimelineViewController.h */ = {isa = PBXFileReference; fileEncoding = 4; lastKnownFileType = sourcecode.c.h; path = TWTimelineViewController.h; sourceTree = "<group>"; };
		7548FA001B5EA2360081321A /* TWTimelineViewController.m */ = {isa = PBXFileReference; fileEncoding = 4; lastKnownFileType = sourcecode.c.objc; path = TWTimelineViewController.m; sourceTree = "<group>"; };
		7548FA041B5EA5B10081321A /* TWTrendsViewController.h */ = {isa = PBXFileReference; fileEncoding = 4; lastKnownFileType = sourcecode.c.h; path = TWTrendsViewController.h; sourceTree = "<group>"; };
		7548FA051B5EA5B10081321A /* TWTrendsViewController.m */ = {isa = PBXFileReference; fileEncoding = 4; lastKnownFileType = sourcecode.c.objc; path = TWTrendsViewController.m; sourceTree = "<group>"; };
		7548FA061B5EA5B10081321A /* TWTrendsViewController.xib */ = {isa = PBXFileReference; fileEncoding = 4; lastKnownFileType = file.xib; path = TWTrendsViewController.xib; sourceTree = "<group>"; };
		7548FA091B5EA5C20081321A /* TWPageViewController.h */ = {isa = PBXFileReference; fileEncoding = 4; lastKnownFileType = sourcecode.c.h; path = TWPageViewController.h; sourceTree = "<group>"; };
		7548FA0A1B5EA5C20081321A /* TWPageViewController.m */ = {isa = PBXFileReference; fileEncoding = 4; lastKnownFileType = sourcecode.c.objc; path = TWPageViewController.m; sourceTree = "<group>"; };
		7548FA0B1B5EA5C20081321A /* TWPageViewController.xib */ = {isa = PBXFileReference; fileEncoding = 4; lastKnownFileType = file.xib; path = TWPageViewController.xib; sourceTree = "<group>"; };
		7548FA0E1B5EA5E40081321A /* TWComposeTweetViewController.h */ = {isa = PBXFileReference; fileEncoding = 4; lastKnownFileType = sourcecode.c.h; path = TWComposeTweetViewController.h; sourceTree = "<group>"; };
		7548FA0F1B5EA5E40081321A /* TWComposeTweetViewController.m */ = {isa = PBXFileReference; fileEncoding = 4; lastKnownFileType = sourcecode.c.objc; path = TWComposeTweetViewController.m; sourceTree = "<group>"; };
		7548FA101B5EA5E40081321A /* TWComposeTweetViewController.xib */ = {isa = PBXFileReference; fileEncoding = 4; lastKnownFileType = file.xib; path = TWComposeTweetViewController.xib; sourceTree = "<group>"; };
		7548FA141B5EA6150081321A /* TWProfile.h */ = {isa = PBXFileReference; fileEncoding = 4; lastKnownFileType = sourcecode.c.h; path = TWProfile.h; sourceTree = "<group>"; };
		7548FA151B5EA6150081321A /* TWProfile.m */ = {isa = PBXFileReference; fileEncoding = 4; lastKnownFileType = sourcecode.c.objc; path = TWProfile.m; sourceTree = "<group>"; };
		7548FA171B5EA62A0081321A /* TWTweet.h */ = {isa = PBXFileReference; fileEncoding = 4; lastKnownFileType = sourcecode.c.h; path = TWTweet.h; sourceTree = "<group>"; };
		7548FA181B5EA62A0081321A /* TWTweet.m */ = {isa = PBXFileReference; fileEncoding = 4; lastKnownFileType = sourcecode.c.objc; path = TWTweet.m; sourceTree = "<group>"; };
		7548FA1C1B5EA7EA0081321A /* TWTimelineCell.h */ = {isa = PBXFileReference; fileEncoding = 4; lastKnownFileType = sourcecode.c.h; path = TWTimelineCell.h; sourceTree = "<group>"; };
		7548FA1D1B5EA7EA0081321A /* TWTimelineCell.m */ = {isa = PBXFileReference; fileEncoding = 4; lastKnownFileType = sourcecode.c.objc; path = TWTimelineCell.m; sourceTree = "<group>"; };
		7548FA1E1B5EA7EA0081321A /* TWTimelineCell.xib */ = {isa = PBXFileReference; fileEncoding = 4; lastKnownFileType = file.xib; path = TWTimelineCell.xib; sourceTree = "<group>"; };
		7548FA211B5EA8130081321A /* TWTrendsCell.h */ = {isa = PBXFileReference; fileEncoding = 4; lastKnownFileType = sourcecode.c.h; path = TWTrendsCell.h; sourceTree = "<group>"; };
		7548FA221B5EA8130081321A /* TWTrendsCell.m */ = {isa = PBXFileReference; fileEncoding = 4; lastKnownFileType = sourcecode.c.objc; path = TWTrendsCell.m; sourceTree = "<group>"; };
		7548FA231B5EA8130081321A /* TWTrendsCell.xib */ = {isa = PBXFileReference; fileEncoding = 4; lastKnownFileType = file.xib; path = TWTrendsCell.xib; sourceTree = "<group>"; };
		7548FA271B5EA87B0081321A /* NSDate+TWDateUtil.h */ = {isa = PBXFileReference; fileEncoding = 4; lastKnownFileType = sourcecode.c.h; path = "NSDate+TWDateUtil.h"; sourceTree = "<group>"; };
		7548FA281B5EA87B0081321A /* NSDate+TWDateUtil.m */ = {isa = PBXFileReference; fileEncoding = 4; lastKnownFileType = sourcecode.c.objc; path = "NSDate+TWDateUtil.m"; sourceTree = "<group>"; };
		7548FA2A1B5EA8930081321A /* NSString+TWStringUtil.h */ = {isa = PBXFileReference; fileEncoding = 4; lastKnownFileType = sourcecode.c.h; path = "NSString+TWStringUtil.h"; sourceTree = "<group>"; };
		7548FA2B1B5EA8930081321A /* NSString+TWStringUtil.m */ = {isa = PBXFileReference; fileEncoding = 4; lastKnownFileType = sourcecode.c.objc; path = "NSString+TWStringUtil.m"; sourceTree = "<group>"; };
		7548FA2D1B5EA93C0081321A /* TWParseOperation.h */ = {isa = PBXFileReference; fileEncoding = 4; lastKnownFileType = sourcecode.c.h; path = TWParseOperation.h; sourceTree = "<group>"; };
		7548FA2E1B5EA93C0081321A /* TWParseOperation.m */ = {isa = PBXFileReference; fileEncoding = 4; lastKnownFileType = sourcecode.c.objc; path = TWParseOperation.m; sourceTree = "<group>"; };
		7548FA301B5EA9520081321A /* TWImageDownloader.h */ = {isa = PBXFileReference; fileEncoding = 4; lastKnownFileType = sourcecode.c.h; path = TWImageDownloader.h; sourceTree = "<group>"; };
		7548FA311B5EA9520081321A /* TWImageDownloader.m */ = {isa = PBXFileReference; fileEncoding = 4; lastKnownFileType = sourcecode.c.objc; path = TWImageDownloader.m; sourceTree = "<group>"; };
		7548FA331B5EF4D00081321A /* Twitter.framework */ = {isa = PBXFileReference; lastKnownFileType = wrapper.framework; name = Twitter.framework; path = System/Library/Frameworks/Twitter.framework; sourceTree = SDKROOT; };
		7548FA381B5EF9440081321A /* Fabric.framework */ = {isa = PBXFileReference; lastKnownFileType = wrapper.framework; path = Fabric.framework; sourceTree = "<group>"; };
		7548FA391B5EF9440081321A /* TwitterKit.framework */ = {isa = PBXFileReference; lastKnownFileType = wrapper.framework; path = TwitterKit.framework; sourceTree = "<group>"; };
		7548FA3A1B5EF9440081321A /* TwitterKitResources.bundle */ = {isa = PBXFileReference; lastKnownFileType = "wrapper.plug-in"; name = TwitterKitResources.bundle; path = TwitterKit.framework/Versions/A/Resources/TwitterKitResources.bundle; sourceTree = "<group>"; };
		7548FA3B1B5EF9440081321A /* TwitterCore.framework */ = {isa = PBXFileReference; lastKnownFileType = wrapper.framework; path = TwitterCore.framework; sourceTree = "<group>"; };
		75D2B1021B6792D600762E07 /* UIColor+colors.h */ = {isa = PBXFileReference; fileEncoding = 4; lastKnownFileType = sourcecode.c.h; path = "UIColor+colors.h"; sourceTree = "<group>"; };
		75D2B1031B6792D600762E07 /* UIColor+colors.m */ = {isa = PBXFileReference; fileEncoding = 4; lastKnownFileType = sourcecode.c.objc; path = "UIColor+colors.m"; sourceTree = "<group>"; };
		75D2B1051B67A58800762E07 /* TWTimelineViewController.xib */ = {isa = PBXFileReference; fileEncoding = 4; lastKnownFileType = file.xib; path = TWTimelineViewController.xib; sourceTree = "<group>"; };
		75D2B10E1B680EDA00762E07 /* TWTimelineViewController+SearchBar.h */ = {isa = PBXFileReference; fileEncoding = 4; lastKnownFileType = sourcecode.c.h; path = "TWTimelineViewController+SearchBar.h"; sourceTree = "<group>"; };
		75D2B10F1B680EDA00762E07 /* TWTimelineViewController+SearchBar.m */ = {isa = PBXFileReference; fileEncoding = 4; lastKnownFileType = sourcecode.c.objc; path = "TWTimelineViewController+SearchBar.m"; sourceTree = "<group>"; };
		75D2B1111B681A1500762E07 /* TWTimelineViewController+NewTweet.h */ = {isa = PBXFileReference; fileEncoding = 4; lastKnownFileType = sourcecode.c.h; path = "TWTimelineViewController+NewTweet.h"; sourceTree = "<group>"; };
		75D2B1121B681A1500762E07 /* TWTimelineViewController+NewTweet.m */ = {isa = PBXFileReference; fileEncoding = 4; lastKnownFileType = sourcecode.c.objc; path = "TWTimelineViewController+NewTweet.m"; sourceTree = "<group>"; };
/* End PBXFileReference section */

/* Begin PBXFrameworksBuildPhase section */
		75020F9A1B5C21C100D0A593 /* Frameworks */ = {
			isa = PBXFrameworksBuildPhase;
			buildActionMask = 2147483647;
			files = (
				7548FA3C1B5EF9440081321A /* Fabric.framework in Frameworks */,
				7548FA3F1B5EF9440081321A /* TwitterCore.framework in Frameworks */,
				7548FA3D1B5EF9440081321A /* TwitterKit.framework in Frameworks */,
			);
			runOnlyForDeploymentPostprocessing = 0;
		};
		75020FB31B5C21C100D0A593 /* Frameworks */ = {
			isa = PBXFrameworksBuildPhase;
			buildActionMask = 2147483647;
			files = (
			);
			runOnlyForDeploymentPostprocessing = 0;
		};
/* End PBXFrameworksBuildPhase section */

/* Begin PBXGroup section */
		75020F941B5C21C100D0A593 = {
			isa = PBXGroup;
			children = (
				7548FA381B5EF9440081321A /* Fabric.framework */,
				7548FA391B5EF9440081321A /* TwitterKit.framework */,
				7548FA3A1B5EF9440081321A /* TwitterKitResources.bundle */,
				7548FA3B1B5EF9440081321A /* TwitterCore.framework */,
				7548FA331B5EF4D00081321A /* Twitter.framework */,
				75020F9F1B5C21C100D0A593 /* TwitterFeeds */,
				75020FB91B5C21C100D0A593 /* TwitterFeedsTests */,
				75020F9E1B5C21C100D0A593 /* Products */,
			);
			sourceTree = "<group>";
		};
		75020F9E1B5C21C100D0A593 /* Products */ = {
			isa = PBXGroup;
			children = (
				75020F9D1B5C21C100D0A593 /* TwitterFeeds.app */,
				75020FB61B5C21C100D0A593 /* TwitterFeedsTests.xctest */,
			);
			name = Products;
			sourceTree = "<group>";
		};
		75020F9F1B5C21C100D0A593 /* TwitterFeeds */ = {
			isa = PBXGroup;
			children = (
				7548FA261B5EA8530081321A /* Utils */,
				7548FA1A1B5EA7BA0081321A /* Views */,
				7548FA1B1B5EA7BA0081321A /* TwitterAPI */,
				7548FA131B5EA5FE0081321A /* Models */,
				7548F9ED1B5E9ECA0081321A /* ViewControllers */,
				7548F9E31B5E9E3E0081321A /* Authorizatoin */,
				75020FA41B5C21C100D0A593 /* AppDelegate.h */,
				75020FA51B5C21C100D0A593 /* AppDelegate.m */,
				75020FAD1B5C21C100D0A593 /* Images.xcassets */,
				75020FAF1B5C21C100D0A593 /* LaunchScreen.xib */,
				75020FA01B5C21C100D0A593 /* Supporting Files */,
				7548F9DD1B5E9DE90081321A /* AppContext.h */,
				7548F9DE1B5E9DE90081321A /* AppContext.m */,
				7548F9E01B5E9E200081321A /* NavigationManager.h */,
				7548F9E11B5E9E200081321A /* NavigationManager.m */,
				7548F9E71B5E9E720081321A /* Constants.h */,
				7548F9E81B5E9E720081321A /* Constants.m */,
			);
			path = TwitterFeeds;
			sourceTree = "<group>";
		};
		75020FA01B5C21C100D0A593 /* Supporting Files */ = {
			isa = PBXGroup;
			children = (
				75020FA11B5C21C100D0A593 /* Info.plist */,
				75020FA21B5C21C100D0A593 /* main.m */,
			);
			name = "Supporting Files";
			sourceTree = "<group>";
		};
		75020FB91B5C21C100D0A593 /* TwitterFeedsTests */ = {
			isa = PBXGroup;
			children = (
				75020FBC1B5C21C100D0A593 /* TwitterFeedsTests.m */,
				75020FBA1B5C21C100D0A593 /* Supporting Files */,
			);
			path = TwitterFeedsTests;
			sourceTree = "<group>";
		};
		75020FBA1B5C21C100D0A593 /* Supporting Files */ = {
			isa = PBXGroup;
			children = (
				75020FBB1B5C21C100D0A593 /* Info.plist */,
			);
			name = "Supporting Files";
			sourceTree = "<group>";
		};
		7548F9E31B5E9E3E0081321A /* Authorizatoin */ = {
			isa = PBXGroup;
			children = (
				7548F9E41B5E9E5C0081321A /* TWAuthorization.h */,
				7548F9E51B5E9E5C0081321A /* TWAuthorization.m */,
			);
			path = Authorizatoin;
			sourceTree = "<group>";
		};
		7548F9ED1B5E9ECA0081321A /* ViewControllers */ = {
			isa = PBXGroup;
			children = (
				7548F9FE1B5EA21B0081321A /* Application */,
				7548F9F21B5E9F390081321A /* Root */,
				7548F9F31B5E9F390081321A /* Login */,
			);
			path = ViewControllers;
			sourceTree = "<group>";
		};
		7548F9F21B5E9F390081321A /* Root */ = {
			isa = PBXGroup;
			children = (
				7548F9F91B5EA0430081321A /* TWNavigationController.h */,
				7548F9FA1B5EA0430081321A /* TWNavigationController.m */,
				7548FA091B5EA5C20081321A /* TWPageViewController.h */,
				7548FA0A1B5EA5C20081321A /* TWPageViewController.m */,
				7548FA0B1B5EA5C20081321A /* TWPageViewController.xib */,
			);
			path = Root;
			sourceTree = "<group>";
		};
		7548F9F31B5E9F390081321A /* Login */ = {
			isa = PBXGroup;
			children = (
				7548F9F41B5E9F600081321A /* TWLoginViewController.h */,
				7548F9F51B5E9F600081321A /* TWLoginViewController.m */,
				7548F9F61B5E9F600081321A /* TWLoginViewController.xib */,
			);
			path = Login;
			sourceTree = "<group>";
		};
		7548F9FE1B5EA21B0081321A /* Application */ = {
			isa = PBXGroup;
			children = (
				75D2B1051B67A58800762E07 /* TWTimelineViewController.xib */,
				7548F9FF1B5EA2360081321A /* TWTimelineViewController.h */,
				7548FA001B5EA2360081321A /* TWTimelineViewController.m */,
				7548FA041B5EA5B10081321A /* TWTrendsViewController.h */,
				7548FA051B5EA5B10081321A /* TWTrendsViewController.m */,
				7548FA061B5EA5B10081321A /* TWTrendsViewController.xib */,
				7548FA0E1B5EA5E40081321A /* TWComposeTweetViewController.h */,
				7548FA0F1B5EA5E40081321A /* TWComposeTweetViewController.m */,
				7548FA101B5EA5E40081321A /* TWComposeTweetViewController.xib */,
				75D2B10E1B680EDA00762E07 /* TWTimelineViewController+SearchBar.h */,
				75D2B10F1B680EDA00762E07 /* TWTimelineViewController+SearchBar.m */,
				75D2B1111B681A1500762E07 /* TWTimelineViewController+NewTweet.h */,
				75D2B1121B681A1500762E07 /* TWTimelineViewController+NewTweet.m */,
			);
			path = Application;
			sourceTree = "<group>";
		};
		7548FA131B5EA5FE0081321A /* Models */ = {
			isa = PBXGroup;
			children = (
				7548FA141B5EA6150081321A /* TWProfile.h */,
				7548FA151B5EA6150081321A /* TWProfile.m */,
				7548FA171B5EA62A0081321A /* TWTweet.h */,
				7548FA181B5EA62A0081321A /* TWTweet.m */,
			);
			path = Models;
			sourceTree = "<group>";
		};
		7548FA1A1B5EA7BA0081321A /* Views */ = {
			isa = PBXGroup;
			children = (
				7548FA1C1B5EA7EA0081321A /* TWTimelineCell.h */,
				7548FA1D1B5EA7EA0081321A /* TWTimelineCell.m */,
				7548FA1E1B5EA7EA0081321A /* TWTimelineCell.xib */,
				7548FA211B5EA8130081321A /* TWTrendsCell.h */,
				7548FA221B5EA8130081321A /* TWTrendsCell.m */,
				7548FA231B5EA8130081321A /* TWTrendsCell.xib */,
			);
			path = Views;
			sourceTree = "<group>";
		};
		7548FA1B1B5EA7BA0081321A /* TwitterAPI */ = {
			isa = PBXGroup;
			children = (
				7548FA2D1B5EA93C0081321A /* TWParseOperation.h */,
				7548FA2E1B5EA93C0081321A /* TWParseOperation.m */,
				7548FA301B5EA9520081321A /* TWImageDownloader.h */,
				7548FA311B5EA9520081321A /* TWImageDownloader.m */,
			);
			path = TwitterAPI;
			sourceTree = "<group>";
		};
		7548FA261B5EA8530081321A /* Utils */ = {
			isa = PBXGroup;
			children = (
				7548FA271B5EA87B0081321A /* NSDate+TWDateUtil.h */,
				7548FA281B5EA87B0081321A /* NSDate+TWDateUtil.m */,
				7548FA2A1B5EA8930081321A /* NSString+TWStringUtil.h */,
				7548FA2B1B5EA8930081321A /* NSString+TWStringUtil.m */,
				75D2B1021B6792D600762E07 /* UIColor+colors.h */,
				75D2B1031B6792D600762E07 /* UIColor+colors.m */,
			);
			path = Utils;
			sourceTree = "<group>";
		};
/* End PBXGroup section */

/* Begin PBXNativeTarget section */
		75020F9C1B5C21C100D0A593 /* TwitterFeeds */ = {
			isa = PBXNativeTarget;
			buildConfigurationList = 75020FC01B5C21C100D0A593 /* Build configuration list for PBXNativeTarget "TwitterFeeds" */;
			buildPhases = (
				75020F991B5C21C100D0A593 /* Sources */,
				75020F9A1B5C21C100D0A593 /* Frameworks */,
				75020F9B1B5C21C100D0A593 /* Resources */,
				7548FA371B5EF91F0081321A /* ShellScript */,
			);
			buildRules = (
			);
			dependencies = (
			);
			name = TwitterFeeds;
			productName = TwitterFeeds;
			productReference = 75020F9D1B5C21C100D0A593 /* TwitterFeeds.app */;
			productType = "com.apple.product-type.application";
		};
		75020FB51B5C21C100D0A593 /* TwitterFeedsTests */ = {
			isa = PBXNativeTarget;
			buildConfigurationList = 75020FC31B5C21C100D0A593 /* Build configuration list for PBXNativeTarget "TwitterFeedsTests" */;
			buildPhases = (
				75020FB21B5C21C100D0A593 /* Sources */,
				75020FB31B5C21C100D0A593 /* Frameworks */,
				75020FB41B5C21C100D0A593 /* Resources */,
			);
			buildRules = (
			);
			dependencies = (
				75020FB81B5C21C100D0A593 /* PBXTargetDependency */,
			);
			name = TwitterFeedsTests;
			productName = TwitterFeedsTests;
			productReference = 75020FB61B5C21C100D0A593 /* TwitterFeedsTests.xctest */;
			productType = "com.apple.product-type.bundle.unit-test";
		};
/* End PBXNativeTarget section */

/* Begin PBXProject section */
		75020F951B5C21C100D0A593 /* Project object */ = {
			isa = PBXProject;
			attributes = {
				LastUpgradeCheck = 0630;
				ORGANIZATIONNAME = "Agarwal, Ila";
				TargetAttributes = {
					75020F9C1B5C21C100D0A593 = {
						CreatedOnToolsVersion = 6.3.2;
					};
					75020FB51B5C21C100D0A593 = {
						CreatedOnToolsVersion = 6.3.2;
						TestTargetID = 75020F9C1B5C21C100D0A593;
					};
				};
			};
			buildConfigurationList = 75020F981B5C21C100D0A593 /* Build configuration list for PBXProject "TwitterFeeds" */;
			compatibilityVersion = "Xcode 3.2";
			developmentRegion = English;
			hasScannedForEncodings = 0;
			knownRegions = (
				en,
				Base,
			);
			mainGroup = 75020F941B5C21C100D0A593;
			productRefGroup = 75020F9E1B5C21C100D0A593 /* Products */;
			projectDirPath = "";
			projectRoot = "";
			targets = (
				75020F9C1B5C21C100D0A593 /* TwitterFeeds */,
				75020FB51B5C21C100D0A593 /* TwitterFeedsTests */,
			);
		};
/* End PBXProject section */

/* Begin PBXResourcesBuildPhase section */
		75020F9B1B5C21C100D0A593 /* Resources */ = {
			isa = PBXResourcesBuildPhase;
			buildActionMask = 2147483647;
			files = (
				7548FA251B5EA8130081321A /* TWTrendsCell.xib in Resources */,
				7548F9F81B5E9F600081321A /* TWLoginViewController.xib in Resources */,
				75D2B1061B67A58800762E07 /* TWTimelineViewController.xib in Resources */,
				7548FA0D1B5EA5C20081321A /* TWPageViewController.xib in Resources */,
				7548FA121B5EA5E40081321A /* TWComposeTweetViewController.xib in Resources */,
				7548FA081B5EA5B10081321A /* TWTrendsViewController.xib in Resources */,
				7548FA201B5EA7EA0081321A /* TWTimelineCell.xib in Resources */,
				7548FA3E1B5EF9440081321A /* TwitterKitResources.bundle in Resources */,
				75020FB11B5C21C100D0A593 /* LaunchScreen.xib in Resources */,
				75020FAE1B5C21C100D0A593 /* Images.xcassets in Resources */,
			);
			runOnlyForDeploymentPostprocessing = 0;
		};
		75020FB41B5C21C100D0A593 /* Resources */ = {
			isa = PBXResourcesBuildPhase;
			buildActionMask = 2147483647;
			files = (
			);
			runOnlyForDeploymentPostprocessing = 0;
		};
/* End PBXResourcesBuildPhase section */

/* Begin PBXShellScriptBuildPhase section */
		7548FA371B5EF91F0081321A /* ShellScript */ = {
			isa = PBXShellScriptBuildPhase;
			buildActionMask = 2147483647;
			files = (
			);
			inputPaths = (
			);
			outputPaths = (
			);
			runOnlyForDeploymentPostprocessing = 0;
			shellPath = /bin/sh;
			shellScript = "./Fabric.framework/run a537f133302b9186051bc14d4ecc1e1db4e02fd4 90ed240a815db6584d168cd1c08bd8461307bd3621a1be79b873ca594a287b5f";
		};
/* End PBXShellScriptBuildPhase section */

/* Begin PBXSourcesBuildPhase section */
		75020F991B5C21C100D0A593 /* Sources */ = {
			isa = PBXSourcesBuildPhase;
			buildActionMask = 2147483647;
			files = (
				75D2B1041B6792D600762E07 /* UIColor+colors.m in Sources */,
				7548F9FC1B5EA0430081321A /* TWNavigationController.m in Sources */,
				7548F9E61B5E9E5C0081321A /* TWAuthorization.m in Sources */,
				7548FA111B5EA5E40081321A /* TWComposeTweetViewController.m in Sources */,
				7548FA161B5EA6150081321A /* TWProfile.m in Sources */,
				7548FA241B5EA8130081321A /* TWTrendsCell.m in Sources */,
				7548FA191B5EA62A0081321A /* TWTweet.m in Sources */,
				7548F9DF1B5E9DE90081321A /* AppContext.m in Sources */,
				75D2B1101B680EDA00762E07 /* TWTimelineViewController+SearchBar.m in Sources */,
				7548FA2F1B5EA93C0081321A /* TWParseOperation.m in Sources */,
				7548FA2C1B5EA8930081321A /* NSString+TWStringUtil.m in Sources */,
				75020FA61B5C21C100D0A593 /* AppDelegate.m in Sources */,
				7548F9E21B5E9E200081321A /* NavigationManager.m in Sources */,
				7548FA0C1B5EA5C20081321A /* TWPageViewController.m in Sources */,
				7548FA071B5EA5B10081321A /* TWTrendsViewController.m in Sources */,
				7548FA021B5EA2360081321A /* TWTimelineViewController.m in Sources */,
				7548FA291B5EA87B0081321A /* NSDate+TWDateUtil.m in Sources */,
				7548FA1F1B5EA7EA0081321A /* TWTimelineCell.m in Sources */,
				7548F9F71B5E9F600081321A /* TWLoginViewController.m in Sources */,
				7548F9E91B5E9E720081321A /* Constants.m in Sources */,
				75020FA31B5C21C100D0A593 /* main.m in Sources */,
				7548FA321B5EA9520081321A /* TWImageDownloader.m in Sources */,
				75D2B1131B681A1500762E07 /* TWTimelineViewController+NewTweet.m in Sources */,
			);
			runOnlyForDeploymentPostprocessing = 0;
		};
		75020FB21B5C21C100D0A593 /* Sources */ = {
			isa = PBXSourcesBuildPhase;
			buildActionMask = 2147483647;
			files = (
				75020FBD1B5C21C100D0A593 /* TwitterFeedsTests.m in Sources */,
			);
			runOnlyForDeploymentPostprocessing = 0;
		};
/* End PBXSourcesBuildPhase section */

/* Begin PBXTargetDependency section */
		75020FB81B5C21C100D0A593 /* PBXTargetDependency */ = {
			isa = PBXTargetDependency;
			target = 75020F9C1B5C21C100D0A593 /* TwitterFeeds */;
			targetProxy = 75020FB71B5C21C100D0A593 /* PBXContainerItemProxy */;
		};
/* End PBXTargetDependency section */

/* Begin PBXVariantGroup section */
		75020FAF1B5C21C100D0A593 /* LaunchScreen.xib */ = {
			isa = PBXVariantGroup;
			children = (
				75020FB01B5C21C100D0A593 /* Base */,
			);
			name = LaunchScreen.xib;
			sourceTree = "<group>";
		};
/* End PBXVariantGroup section */

/* Begin XCBuildConfiguration section */
		75020FBE1B5C21C100D0A593 /* Debug */ = {
			isa = XCBuildConfiguration;
			buildSettings = {
				ALWAYS_SEARCH_USER_PATHS = NO;
				CLANG_CXX_LANGUAGE_STANDARD = "gnu++0x";
				CLANG_CXX_LIBRARY = "libc++";
				CLANG_ENABLE_MODULES = YES;
				CLANG_ENABLE_OBJC_ARC = YES;
				CLANG_WARN_BOOL_CONVERSION = YES;
				CLANG_WARN_CONSTANT_CONVERSION = YES;
				CLANG_WARN_DIRECT_OBJC_ISA_USAGE = YES_ERROR;
				CLANG_WARN_EMPTY_BODY = YES;
				CLANG_WARN_ENUM_CONVERSION = YES;
				CLANG_WARN_INT_CONVERSION = YES;
				CLANG_WARN_OBJC_ROOT_CLASS = YES_ERROR;
				CLANG_WARN_UNREACHABLE_CODE = YES;
				CLANG_WARN__DUPLICATE_METHOD_MATCH = YES;
				"CODE_SIGN_IDENTITY[sdk=iphoneos*]" = "iPhone Developer";
				COPY_PHASE_STRIP = NO;
				DEBUG_INFORMATION_FORMAT = "dwarf-with-dsym";
				ENABLE_STRICT_OBJC_MSGSEND = YES;
				GCC_C_LANGUAGE_STANDARD = gnu99;
				GCC_DYNAMIC_NO_PIC = NO;
				GCC_NO_COMMON_BLOCKS = YES;
				GCC_OPTIMIZATION_LEVEL = 0;
				GCC_PREPROCESSOR_DEFINITIONS = (
					"DEBUG=1",
					"$(inherited)",
				);
				GCC_SYMBOLS_PRIVATE_EXTERN = NO;
				GCC_WARN_64_TO_32_BIT_CONVERSION = YES;
				GCC_WARN_ABOUT_RETURN_TYPE = YES_ERROR;
				GCC_WARN_UNDECLARED_SELECTOR = YES;
				GCC_WARN_UNINITIALIZED_AUTOS = YES_AGGRESSIVE;
				GCC_WARN_UNUSED_FUNCTION = YES;
				GCC_WARN_UNUSED_VARIABLE = YES;
				IPHONEOS_DEPLOYMENT_TARGET = 8.3;
				MTL_ENABLE_DEBUG_INFO = YES;
				ONLY_ACTIVE_ARCH = YES;
				SDKROOT = iphoneos;
				TARGETED_DEVICE_FAMILY = "1,2";
			};
			name = Debug;
		};
		75020FBF1B5C21C100D0A593 /* Release */ = {
			isa = XCBuildConfiguration;
			buildSettings = {
				ALWAYS_SEARCH_USER_PATHS = NO;
				CLANG_CXX_LANGUAGE_STANDARD = "gnu++0x";
				CLANG_CXX_LIBRARY = "libc++";
				CLANG_ENABLE_MODULES = YES;
				CLANG_ENABLE_OBJC_ARC = YES;
				CLANG_WARN_BOOL_CONVERSION = YES;
				CLANG_WARN_CONSTANT_CONVERSION = YES;
				CLANG_WARN_DIRECT_OBJC_ISA_USAGE = YES_ERROR;
				CLANG_WARN_EMPTY_BODY = YES;
				CLANG_WARN_ENUM_CONVERSION = YES;
				CLANG_WARN_INT_CONVERSION = YES;
				CLANG_WARN_OBJC_ROOT_CLASS = YES_ERROR;
				CLANG_WARN_UNREACHABLE_CODE = YES;
				CLANG_WARN__DUPLICATE_METHOD_MATCH = YES;
				"CODE_SIGN_IDENTITY[sdk=iphoneos*]" = "iPhone Developer";
				COPY_PHASE_STRIP = NO;
				DEBUG_INFORMATION_FORMAT = "dwarf-with-dsym";
				ENABLE_NS_ASSERTIONS = NO;
				ENABLE_STRICT_OBJC_MSGSEND = YES;
				GCC_C_LANGUAGE_STANDARD = gnu99;
				GCC_NO_COMMON_BLOCKS = YES;
				GCC_WARN_64_TO_32_BIT_CONVERSION = YES;
				GCC_WARN_ABOUT_RETURN_TYPE = YES_ERROR;
				GCC_WARN_UNDECLARED_SELECTOR = YES;
				GCC_WARN_UNINITIALIZED_AUTOS = YES_AGGRESSIVE;
				GCC_WARN_UNUSED_FUNCTION = YES;
				GCC_WARN_UNUSED_VARIABLE = YES;
				IPHONEOS_DEPLOYMENT_TARGET = 8.3;
				MTL_ENABLE_DEBUG_INFO = NO;
				SDKROOT = iphoneos;
				TARGETED_DEVICE_FAMILY = "1,2";
				VALIDATE_PRODUCT = YES;
			};
			name = Release;
		};
		75020FC11B5C21C100D0A593 /* Debug */ = {
			isa = XCBuildConfiguration;
			buildSettings = {
				ASSETCATALOG_COMPILER_APPICON_NAME = AppIcon;
				FRAMEWORK_SEARCH_PATHS = (
					"$(inherited)",
					"$(PROJECT_DIR)",
				);
				INFOPLIST_FILE = TwitterFeeds/Info.plist;
				LD_RUNPATH_SEARCH_PATHS = "$(inherited) @executable_path/Frameworks";
				PRODUCT_NAME = "$(TARGET_NAME)";
			};
			name = Debug;
		};
		75020FC21B5C21C100D0A593 /* Release */ = {
			isa = XCBuildConfiguration;
			buildSettings = {
				ASSETCATALOG_COMPILER_APPICON_NAME = AppIcon;
				FRAMEWORK_SEARCH_PATHS = (
					"$(inherited)",
					"$(PROJECT_DIR)",
				);
				INFOPLIST_FILE = TwitterFeeds/Info.plist;
				LD_RUNPATH_SEARCH_PATHS = "$(inherited) @executable_path/Frameworks";
				PRODUCT_NAME = "$(TARGET_NAME)";
			};
			name = Release;
		};
		75020FC41B5C21C100D0A593 /* Debug */ = {
			isa = XCBuildConfiguration;
			buildSettings = {
				BUNDLE_LOADER = "$(TEST_HOST)";
				FRAMEWORK_SEARCH_PATHS = (
					"$(SDKROOT)/Developer/Library/Frameworks",
					"$(inherited)",
				);
				GCC_PREPROCESSOR_DEFINITIONS = (
					"DEBUG=1",
					"$(inherited)",
				);
				INFOPLIST_FILE = TwitterFeedsTests/Info.plist;
				LD_RUNPATH_SEARCH_PATHS = "$(inherited) @executable_path/Frameworks @loader_path/Frameworks";
				PRODUCT_NAME = "$(TARGET_NAME)";
				TEST_HOST = "$(BUILT_PRODUCTS_DIR)/TwitterFeeds.app/TwitterFeeds";
			};
			name = Debug;
		};
		75020FC51B5C21C100D0A593 /* Release */ = {
			isa = XCBuildConfiguration;
			buildSettings = {
				BUNDLE_LOADER = "$(TEST_HOST)";
				FRAMEWORK_SEARCH_PATHS = (
					"$(SDKROOT)/Developer/Library/Frameworks",
					"$(inherited)",
				);
				INFOPLIST_FILE = TwitterFeedsTests/Info.plist;
				LD_RUNPATH_SEARCH_PATHS = "$(inherited) @executable_path/Frameworks @loader_path/Frameworks";
				PRODUCT_NAME = "$(TARGET_NAME)";
				TEST_HOST = "$(BUILT_PRODUCTS_DIR)/TwitterFeeds.app/TwitterFeeds";
			};
			name = Release;
		};
/* End XCBuildConfiguration section */

/* Begin XCConfigurationList section */
		75020F981B5C21C100D0A593 /* Build configuration list for PBXProject "TwitterFeeds" */ = {
			isa = XCConfigurationList;
			buildConfigurations = (
				75020FBE1B5C21C100D0A593 /* Debug */,
				75020FBF1B5C21C100D0A593 /* Release */,
			);
			defaultConfigurationIsVisible = 0;
			defaultConfigurationName = Release;
		};
		75020FC01B5C21C100D0A593 /* Build configuration list for PBXNativeTarget "TwitterFeeds" */ = {
			isa = XCConfigurationList;
			buildConfigurations = (
				75020FC11B5C21C100D0A593 /* Debug */,
				75020FC21B5C21C100D0A593 /* Release */,
			);
			defaultConfigurationIsVisible = 0;
			defaultConfigurationName = Release;
		};
		75020FC31B5C21C100D0A593 /* Build configuration list for PBXNativeTarget "TwitterFeedsTests" */ = {
			isa = XCConfigurationList;
			buildConfigurations = (
				75020FC41B5C21C100D0A593 /* Debug */,
				75020FC51B5C21C100D0A593 /* Release */,
			);
			defaultConfigurationIsVisible = 0;
			defaultConfigurationName = Release;
		};
/* End XCConfigurationList section */
	};
	rootObject = 75020F951B5C21C100D0A593 /* Project object */;
}
